// !$*UTF8*$!
{
	archiveVersion = 1;
	classes = {
	};
	objectVersion = 46;
	objects = {

/* Begin PBXBuildFile section */
		6336ACD51CED671A00D9F39E /* .gitignore in Resources */ = {isa = PBXBuildFile; fileRef = 6336ACAA1CED671A00D9F39E /* .gitignore */; };
		6336ACD61CED671A00D9F39E /* 500px-iOS-api.podspec in Resources */ = {isa = PBXBuildFile; fileRef = 6336ACAB1CED671A00D9F39E /* 500px-iOS-api.podspec */; };
		6336ACD71CED671A00D9F39E /* LICENSE in Resources */ = {isa = PBXBuildFile; fileRef = 6336ACAD1CED671A00D9F39E /* LICENSE */; };
		6336ACD81CED671A00D9F39E /* NSData+Base64.m in Sources */ = {isa = PBXBuildFile; fileRef = 6336ACB11CED671A00D9F39E /* NSData+Base64.m */; };
		6336ACD91CED671A00D9F39E /* OAuth+Additions.m in Sources */ = {isa = PBXBuildFile; fileRef = 6336ACB31CED671A00D9F39E /* OAuth+Additions.m */; };
		6336ACDA1CED671A00D9F39E /* OAuthCore.m in Sources */ = {isa = PBXBuildFile; fileRef = 6336ACB51CED671A00D9F39E /* OAuthCore.m */; };
		6336ACDB1CED671A00D9F39E /* PXAPIHelper+Auth.m in Sources */ = {isa = PBXBuildFile; fileRef = 6336ACB91CED671A00D9F39E /* PXAPIHelper+Auth.m */; };
		6336ACDC1CED671A00D9F39E /* PXAPIHelper.m in Sources */ = {isa = PBXBuildFile; fileRef = 6336ACBB1CED671A00D9F39E /* PXAPIHelper.m */; };
		6336ACDD1CED671A00D9F39E /* PXRequest+Creation.m in Sources */ = {isa = PBXBuildFile; fileRef = 6336ACBD1CED671A00D9F39E /* PXRequest+Creation.m */; };
		6336ACDE1CED671A00D9F39E /* PXRequest.m in Sources */ = {isa = PBXBuildFile; fileRef = 6336ACBF1CED671A00D9F39E /* PXRequest.m */; };
		6336ACDF1CED671A00D9F39E /* README.markdown in Sources */ = {isa = PBXBuildFile; fileRef = 6336ACC01CED671A00D9F39E /* README.markdown */; };
		6336ACE01CED671A00D9F39E /* AFImageDownloader.m in Sources */ = {isa = PBXBuildFile; fileRef = 6336ACC41CED671A00D9F39E /* AFImageDownloader.m */; };
		6336ACE11CED671A00D9F39E /* Assets.xcassets in Resources */ = {isa = PBXBuildFile; fileRef = 6336ACC51CED671A00D9F39E /* Assets.xcassets */; };
		6336ACE21CED671A00D9F39E /* LaunchScreen.storyboard in Resources */ = {isa = PBXBuildFile; fileRef = 6336ACC71CED671A00D9F39E /* LaunchScreen.storyboard */; };
		6336ACE31CED671A00D9F39E /* Main.storyboard in Resources */ = {isa = PBXBuildFile; fileRef = 6336ACC91CED671A00D9F39E /* Main.storyboard */; };
		6336ACE41CED671A00D9F39E /* CollectionViewCell.swift in Sources */ = {isa = PBXBuildFile; fileRef = 6336ACCB1CED671A00D9F39E /* CollectionViewCell.swift */; };
		6336ACE51CED671A00D9F39E /* CollectionViewFlowLayout.swift in Sources */ = {isa = PBXBuildFile; fileRef = 6336ACCC1CED671A00D9F39E /* CollectionViewFlowLayout.swift */; };
		6336ACE61CED671A00D9F39E /* CollectionViewHeaderView.swift in Sources */ = {isa = PBXBuildFile; fileRef = 6336ACCD1CED671A00D9F39E /* CollectionViewHeaderView.swift */; };
		6336ACE71CED671A00D9F39E /* CollectionViewLayoutAttributes.swift in Sources */ = {isa = PBXBuildFile; fileRef = 6336ACCE1CED671A00D9F39E /* CollectionViewLayoutAttributes.swift */; };
		6336ACE81CED671A00D9F39E /* CollectionViewStackedLayout.swift in Sources */ = {isa = PBXBuildFile; fileRef = 6336ACCF1CED671A00D9F39E /* CollectionViewStackedLayout.swift */; };
		6336ACE91CED671A00D9F39E /* CoverFlowFlowLayout.swift in Sources */ = {isa = PBXBuildFile; fileRef = 6336ACD01CED671A00D9F39E /* CoverFlowFlowLayout.swift */; };
		6336ACEA1CED671A00D9F39E /* NSData+AFDecompression.m in Sources */ = {isa = PBXBuildFile; fileRef = 6336ACD21CED671A00D9F39E /* NSData+AFDecompression.m */; };
		6336ACEB1CED671A00D9F39E /* UIView.swift in Sources */ = {isa = PBXBuildFile; fileRef = 6336ACD41CED671A00D9F39E /* UIView.swift */; };
		63726AD41CE6AF4C00D7C40D /* AppDelegate.swift in Sources */ = {isa = PBXBuildFile; fileRef = 63726AD31CE6AF4C00D7C40D /* AppDelegate.swift */; };
		63726AD61CE6AF4C00D7C40D /* ViewController.swift in Sources */ = {isa = PBXBuildFile; fileRef = 63726AD51CE6AF4C00D7C40D /* ViewController.swift */; };
		63726AD91CE6AF4C00D7C40D /* Main.storyboard in Resources */ = {isa = PBXBuildFile; fileRef = 63726AD71CE6AF4C00D7C40D /* Main.storyboard */; };
		63726ADB1CE6AF4C00D7C40D /* Assets.xcassets in Resources */ = {isa = PBXBuildFile; fileRef = 63726ADA1CE6AF4C00D7C40D /* Assets.xcassets */; };
		63726ADE1CE6AF4C00D7C40D /* LaunchScreen.storyboard in Resources */ = {isa = PBXBuildFile; fileRef = 63726ADC1CE6AF4C00D7C40D /* LaunchScreen.storyboard */; };
/* End PBXBuildFile section */

/* Begin PBXFileReference section */
		6336ACAA1CED671A00D9F39E /* .gitignore */ = {isa = PBXFileReference; fileEncoding = 4; lastKnownFileType = text; path = .gitignore; sourceTree = "<group>"; };
		6336ACAB1CED671A00D9F39E /* 500px-iOS-api.podspec */ = {isa = PBXFileReference; fileEncoding = 4; lastKnownFileType = text; path = "500px-iOS-api.podspec"; sourceTree = "<group>"; };
		6336ACAD1CED671A00D9F39E /* LICENSE */ = {isa = PBXFileReference; fileEncoding = 4; lastKnownFileType = text; path = LICENSE; sourceTree = "<group>"; };
		6336ACB01CED671A00D9F39E /* NSData+Base64.h */ = {isa = PBXFileReference; fileEncoding = 4; lastKnownFileType = sourcecode.c.h; path = "NSData+Base64.h"; sourceTree = "<group>"; };
		6336ACB11CED671A00D9F39E /* NSData+Base64.m */ = {isa = PBXFileReference; fileEncoding = 4; lastKnownFileType = sourcecode.c.objc; path = "NSData+Base64.m"; sourceTree = "<group>"; };
		6336ACB21CED671A00D9F39E /* OAuth+Additions.h */ = {isa = PBXFileReference; fileEncoding = 4; lastKnownFileType = sourcecode.c.h; path = "OAuth+Additions.h"; sourceTree = "<group>"; };
		6336ACB31CED671A00D9F39E /* OAuth+Additions.m */ = {isa = PBXFileReference; fileEncoding = 4; lastKnownFileType = sourcecode.c.objc; path = "OAuth+Additions.m"; sourceTree = "<group>"; };
		6336ACB41CED671A00D9F39E /* OAuthCore.h */ = {isa = PBXFileReference; fileEncoding = 4; lastKnownFileType = sourcecode.c.h; path = OAuthCore.h; sourceTree = "<group>"; };
		6336ACB51CED671A00D9F39E /* OAuthCore.m */ = {isa = PBXFileReference; fileEncoding = 4; lastKnownFileType = sourcecode.c.objc; path = OAuthCore.m; sourceTree = "<group>"; };
		6336ACB61CED671A00D9F39E /* PXAPI-Prefix.pch */ = {isa = PBXFileReference; fileEncoding = 4; lastKnownFileType = sourcecode.c.h; path = "PXAPI-Prefix.pch"; sourceTree = "<group>"; };
		6336ACB71CED671A00D9F39E /* PXAPI.h */ = {isa = PBXFileReference; fileEncoding = 4; lastKnownFileType = sourcecode.c.h; path = PXAPI.h; sourceTree = "<group>"; };
		6336ACB81CED671A00D9F39E /* PXAPIHelper+Auth.h */ = {isa = PBXFileReference; fileEncoding = 4; lastKnownFileType = sourcecode.c.h; path = "PXAPIHelper+Auth.h"; sourceTree = "<group>"; };
		6336ACB91CED671A00D9F39E /* PXAPIHelper+Auth.m */ = {isa = PBXFileReference; fileEncoding = 4; lastKnownFileType = sourcecode.c.objc; path = "PXAPIHelper+Auth.m"; sourceTree = "<group>"; };
		6336ACBA1CED671A00D9F39E /* PXAPIHelper.h */ = {isa = PBXFileReference; fileEncoding = 4; lastKnownFileType = sourcecode.c.h; path = PXAPIHelper.h; sourceTree = "<group>"; };
		6336ACBB1CED671A00D9F39E /* PXAPIHelper.m */ = {isa = PBXFileReference; fileEncoding = 4; lastKnownFileType = sourcecode.c.objc; path = PXAPIHelper.m; sourceTree = "<group>"; };
		6336ACBC1CED671A00D9F39E /* PXRequest+Creation.h */ = {isa = PBXFileReference; fileEncoding = 4; lastKnownFileType = sourcecode.c.h; path = "PXRequest+Creation.h"; sourceTree = "<group>"; };
		6336ACBD1CED671A00D9F39E /* PXRequest+Creation.m */ = {isa = PBXFileReference; fileEncoding = 4; lastKnownFileType = sourcecode.c.objc; path = "PXRequest+Creation.m"; sourceTree = "<group>"; };
		6336ACBE1CED671A00D9F39E /* PXRequest.h */ = {isa = PBXFileReference; fileEncoding = 4; lastKnownFileType = sourcecode.c.h; path = PXRequest.h; sourceTree = "<group>"; };
		6336ACBF1CED671A00D9F39E /* PXRequest.m */ = {isa = PBXFileReference; fileEncoding = 4; lastKnownFileType = sourcecode.c.objc; path = PXRequest.m; sourceTree = "<group>"; };
		6336ACC01CED671A00D9F39E /* README.markdown */ = {isa = PBXFileReference; fileEncoding = 4; lastKnownFileType = net.daringfireball.markdown; path = README.markdown; sourceTree = "<group>"; };
		6336ACC31CED671A00D9F39E /* AFImageDownloader.h */ = {isa = PBXFileReference; fileEncoding = 4; lastKnownFileType = sourcecode.c.h; path = AFImageDownloader.h; sourceTree = "<group>"; };
		6336ACC41CED671A00D9F39E /* AFImageDownloader.m */ = {isa = PBXFileReference; fileEncoding = 4; lastKnownFileType = sourcecode.c.objc; path = AFImageDownloader.m; sourceTree = "<group>"; };
		6336ACC51CED671A00D9F39E /* Assets.xcassets */ = {isa = PBXFileReference; lastKnownFileType = folder.assetcatalog; path = Assets.xcassets; sourceTree = "<group>"; };
		6336ACC81CED671A00D9F39E /* Base */ = {isa = PBXFileReference; lastKnownFileType = file.storyboard; name = Base; path = LaunchScreen.storyboard; sourceTree = "<group>"; };
		6336ACCA1CED671A00D9F39E /* Base */ = {isa = PBXFileReference; lastKnownFileType = file.storyboard; name = Base; path = Main.storyboard; sourceTree = "<group>"; };
		6336ACCB1CED671A00D9F39E /* CollectionViewCell.swift */ = {isa = PBXFileReference; fileEncoding = 4; lastKnownFileType = sourcecode.swift; path = CollectionViewCell.swift; sourceTree = "<group>"; };
		6336ACCC1CED671A00D9F39E /* CollectionViewFlowLayout.swift */ = {isa = PBXFileReference; fileEncoding = 4; lastKnownFileType = sourcecode.swift; path = CollectionViewFlowLayout.swift; sourceTree = "<group>"; };
		6336ACCD1CED671A00D9F39E /* CollectionViewHeaderView.swift */ = {isa = PBXFileReference; fileEncoding = 4; lastKnownFileType = sourcecode.swift; path = CollectionViewHeaderView.swift; sourceTree = "<group>"; };
		6336ACCE1CED671A00D9F39E /* CollectionViewLayoutAttributes.swift */ = {isa = PBXFileReference; fileEncoding = 4; lastKnownFileType = sourcecode.swift; path = CollectionViewLayoutAttributes.swift; sourceTree = "<group>"; };
		6336ACCF1CED671A00D9F39E /* CollectionViewStackedLayout.swift */ = {isa = PBXFileReference; fileEncoding = 4; lastKnownFileType = sourcecode.swift; path = CollectionViewStackedLayout.swift; sourceTree = "<group>"; };
		6336ACD01CED671A00D9F39E /* CoverFlowFlowLayout.swift */ = {isa = PBXFileReference; fileEncoding = 4; lastKnownFileType = sourcecode.swift; path = CoverFlowFlowLayout.swift; sourceTree = "<group>"; };
		6336ACD11CED671A00D9F39E /* NSData+AFDecompression.h */ = {isa = PBXFileReference; fileEncoding = 4; lastKnownFileType = sourcecode.c.h; path = "NSData+AFDecompression.h"; sourceTree = "<group>"; };
		6336ACD21CED671A00D9F39E /* NSData+AFDecompression.m */ = {isa = PBXFileReference; fileEncoding = 4; lastKnownFileType = sourcecode.c.objc; path = "NSData+AFDecompression.m"; sourceTree = "<group>"; };
		6336ACD41CED671A00D9F39E /* UIView.swift */ = {isa = PBXFileReference; fileEncoding = 4; lastKnownFileType = sourcecode.swift; path = UIView.swift; sourceTree = "<group>"; };
		6336ACEC1CED679C00D9F39E /* StackingLayout-Bridging-Header.h */ = {isa = PBXFileReference; lastKnownFileType = sourcecode.c.h; path = "StackingLayout-Bridging-Header.h"; sourceTree = "<group>"; };
		63726AD01CE6AF4C00D7C40D /* StackingLayout.app */ = {isa = PBXFileReference; explicitFileType = wrapper.application; includeInIndex = 0; path = StackingLayout.app; sourceTree = BUILT_PRODUCTS_DIR; };
		63726AD31CE6AF4C00D7C40D /* AppDelegate.swift */ = {isa = PBXFileReference; lastKnownFileType = sourcecode.swift; path = AppDelegate.swift; sourceTree = "<group>"; };
		63726AD51CE6AF4C00D7C40D /* ViewController.swift */ = {isa = PBXFileReference; lastKnownFileType = sourcecode.swift; path = ViewController.swift; sourceTree = "<group>"; };
		63726AD81CE6AF4C00D7C40D /* Base */ = {isa = PBXFileReference; lastKnownFileType = file.storyboard; name = Base; path = Base.lproj/Main.storyboard; sourceTree = "<group>"; };
		63726ADA1CE6AF4C00D7C40D /* Assets.xcassets */ = {isa = PBXFileReference; lastKnownFileType = folder.assetcatalog; path = Assets.xcassets; sourceTree = "<group>"; };
		63726ADD1CE6AF4C00D7C40D /* Base */ = {isa = PBXFileReference; lastKnownFileType = file.storyboard; name = Base; path = Base.lproj/LaunchScreen.storyboard; sourceTree = "<group>"; };
		63726ADF1CE6AF4C00D7C40D /* Info.plist */ = {isa = PBXFileReference; lastKnownFileType = text.plist.xml; path = Info.plist; sourceTree = "<group>"; };
/* End PBXFileReference section */

/* Begin PBXFrameworksBuildPhase section */
		63726ACD1CE6AF4C00D7C40D /* Frameworks */ = {
			isa = PBXFrameworksBuildPhase;
			buildActionMask = 2147483647;
			files = (
			);
			runOnlyForDeploymentPostprocessing = 0;
		};
/* End PBXFrameworksBuildPhase section */

/* Begin PBXGroup section */
		6336ACA91CED671A00D9F39E /* 500px-iOS-api */ = {
			isa = PBXGroup;
			children = (
				6336ACAA1CED671A00D9F39E /* .gitignore */,
				6336ACAB1CED671A00D9F39E /* 500px-iOS-api.podspec */,
				6336ACAC1CED671A00D9F39E /* Example */,
				6336ACAD1CED671A00D9F39E /* LICENSE */,
				6336ACAE1CED671A00D9F39E /* PXAPI */,
				6336ACC01CED671A00D9F39E /* README.markdown */,
				6336ACC11CED671A00D9F39E /* tests */,
			);
			path = "500px-iOS-api";
			sourceTree = "<group>";
		};
		6336ACAC1CED671A00D9F39E /* Example */ = {
			isa = PBXGroup;
			children = (
			);
			path = Example;
			sourceTree = "<group>";
		};
		6336ACAE1CED671A00D9F39E /* PXAPI */ = {
			isa = PBXGroup;
			children = (
				6336ACAF1CED671A00D9F39E /* ABOAuthCore */,
				6336ACB61CED671A00D9F39E /* PXAPI-Prefix.pch */,
				6336ACB71CED671A00D9F39E /* PXAPI.h */,
				6336ACB81CED671A00D9F39E /* PXAPIHelper+Auth.h */,
				6336ACB91CED671A00D9F39E /* PXAPIHelper+Auth.m */,
				6336ACBA1CED671A00D9F39E /* PXAPIHelper.h */,
				6336ACBB1CED671A00D9F39E /* PXAPIHelper.m */,
				6336ACBC1CED671A00D9F39E /* PXRequest+Creation.h */,
				6336ACBD1CED671A00D9F39E /* PXRequest+Creation.m */,
				6336ACBE1CED671A00D9F39E /* PXRequest.h */,
				6336ACBF1CED671A00D9F39E /* PXRequest.m */,
			);
			path = PXAPI;
			sourceTree = "<group>";
		};
		6336ACAF1CED671A00D9F39E /* ABOAuthCore */ = {
			isa = PBXGroup;
			children = (
				6336ACB01CED671A00D9F39E /* NSData+Base64.h */,
				6336ACB11CED671A00D9F39E /* NSData+Base64.m */,
				6336ACB21CED671A00D9F39E /* OAuth+Additions.h */,
				6336ACB31CED671A00D9F39E /* OAuth+Additions.m */,
				6336ACB41CED671A00D9F39E /* OAuthCore.h */,
				6336ACB51CED671A00D9F39E /* OAuthCore.m */,
			);
			path = ABOAuthCore;
			sourceTree = "<group>";
		};
		6336ACC11CED671A00D9F39E /* tests */ = {
			isa = PBXGroup;
			children = (
				6336ACC21CED671A00D9F39E /* OCMock */,
			);
			path = tests;
			sourceTree = "<group>";
		};
		6336ACC21CED671A00D9F39E /* OCMock */ = {
			isa = PBXGroup;
			children = (
			);
			path = OCMock;
			sourceTree = "<group>";
		};
		6336ACC61CED671A00D9F39E /* Base.lproj */ = {
			isa = PBXGroup;
			children = (
				6336ACC71CED671A00D9F39E /* LaunchScreen.storyboard */,
				6336ACC91CED671A00D9F39E /* Main.storyboard */,
			);
			path = Base.lproj;
			sourceTree = "<group>";
		};
		63726AC71CE6AF4C00D7C40D = {
			isa = PBXGroup;
			children = (
				63726AD21CE6AF4C00D7C40D /* StackingLayout */,
				63726AD11CE6AF4C00D7C40D /* Products */,
			);
			sourceTree = "<group>";
		};
		63726AD11CE6AF4C00D7C40D /* Products */ = {
			isa = PBXGroup;
			children = (
				63726AD01CE6AF4C00D7C40D /* StackingLayout.app */,
			);
			name = Products;
			sourceTree = "<group>";
		};
		63726AD21CE6AF4C00D7C40D /* StackingLayout */ = {
			isa = PBXGroup;
			children = (
				63726AD31CE6AF4C00D7C40D /* AppDelegate.swift */,
				63726AD51CE6AF4C00D7C40D /* ViewController.swift */,
				63726AD71CE6AF4C00D7C40D /* Main.storyboard */,
				63726ADA1CE6AF4C00D7C40D /* Assets.xcassets */,
				63726ADC1CE6AF4C00D7C40D /* LaunchScreen.storyboard */,
				63726ADF1CE6AF4C00D7C40D /* Info.plist */,
				6336ACA91CED671A00D9F39E /* 500px-iOS-api */,
				6336ACC31CED671A00D9F39E /* AFImageDownloader.h */,
				6336ACC41CED671A00D9F39E /* AFImageDownloader.m */,
				6336ACC51CED671A00D9F39E /* Assets.xcassets */,
				6336ACC61CED671A00D9F39E /* Base.lproj */,
				6336ACCB1CED671A00D9F39E /* CollectionViewCell.swift */,
				6336ACCC1CED671A00D9F39E /* CollectionViewFlowLayout.swift */,
				6336ACCD1CED671A00D9F39E /* CollectionViewHeaderView.swift */,
				6336ACCE1CED671A00D9F39E /* CollectionViewLayoutAttributes.swift */,
				6336ACCF1CED671A00D9F39E /* CollectionViewStackedLayout.swift */,
				6336ACD01CED671A00D9F39E /* CoverFlowFlowLayout.swift */,
				6336ACD11CED671A00D9F39E /* NSData+AFDecompression.h */,
				6336ACD21CED671A00D9F39E /* NSData+AFDecompression.m */,
				6336ACD41CED671A00D9F39E /* UIView.swift */,
				6336ACEC1CED679C00D9F39E /* StackingLayout-Bridging-Header.h */,
			);
			path = StackingLayout;
			sourceTree = "<group>";
		};
/* End PBXGroup section */

/* Begin PBXNativeTarget section */
		63726ACF1CE6AF4C00D7C40D /* StackingLayout */ = {
			isa = PBXNativeTarget;
			buildConfigurationList = 63726AE21CE6AF4C00D7C40D /* Build configuration list for PBXNativeTarget "StackingLayout" */;
			buildPhases = (
				63726ACC1CE6AF4C00D7C40D /* Sources */,
				63726ACD1CE6AF4C00D7C40D /* Frameworks */,
				63726ACE1CE6AF4C00D7C40D /* Resources */,
			);
			buildRules = (
			);
			dependencies = (
			);
			name = StackingLayout;
			productName = StackingLayout;
			productReference = 63726AD01CE6AF4C00D7C40D /* StackingLayout.app */;
			productType = "com.apple.product-type.application";
		};
/* End PBXNativeTarget section */

/* Begin PBXProject section */
		63726AC81CE6AF4C00D7C40D /* Project object */ = {
			isa = PBXProject;
			attributes = {
				LastSwiftUpdateCheck = 0730;
				LastUpgradeCheck = 0730;
				ORGANIZATIONNAME = "Hans Yelek";
				TargetAttributes = {
					63726ACF1CE6AF4C00D7C40D = {
						CreatedOnToolsVersion = 7.3;
						DevelopmentTeam = L28G232VTS;
					};
				};
			};
			buildConfigurationList = 63726ACB1CE6AF4C00D7C40D /* Build configuration list for PBXProject "StackingLayout" */;
			compatibilityVersion = "Xcode 3.2";
			developmentRegion = English;
			hasScannedForEncodings = 0;
			knownRegions = (
				en,
				Base,
			);
			mainGroup = 63726AC71CE6AF4C00D7C40D;
			productRefGroup = 63726AD11CE6AF4C00D7C40D /* Products */;
			projectDirPath = "";
			projectRoot = "";
			targets = (
				63726ACF1CE6AF4C00D7C40D /* StackingLayout */,
			);
		};
/* End PBXProject section */

/* Begin PBXResourcesBuildPhase section */
		63726ACE1CE6AF4C00D7C40D /* Resources */ = {
			isa = PBXResourcesBuildPhase;
			buildActionMask = 2147483647;
			files = (
				6336ACD71CED671A00D9F39E /* LICENSE in Resources */,
				6336ACE21CED671A00D9F39E /* LaunchScreen.storyboard in Resources */,
				6336ACD51CED671A00D9F39E /* .gitignore in Resources */,
				63726ADE1CE6AF4C00D7C40D /* LaunchScreen.storyboard in Resources */,
				63726ADB1CE6AF4C00D7C40D /* Assets.xcassets in Resources */,
				6336ACE11CED671A00D9F39E /* Assets.xcassets in Resources */,
				6336ACE31CED671A00D9F39E /* Main.storyboard in Resources */,
				6336ACD61CED671A00D9F39E /* 500px-iOS-api.podspec in Resources */,
				63726AD91CE6AF4C00D7C40D /* Main.storyboard in Resources */,
			);
			runOnlyForDeploymentPostprocessing = 0;
		};
/* End PBXResourcesBuildPhase section */

/* Begin PBXSourcesBuildPhase section */
		63726ACC1CE6AF4C00D7C40D /* Sources */ = {
			isa = PBXSourcesBuildPhase;
			buildActionMask = 2147483647;
			files = (
				6336ACE81CED671A00D9F39E /* CollectionViewStackedLayout.swift in Sources */,
				6336ACDE1CED671A00D9F39E /* PXRequest.m in Sources */,
				6336ACDD1CED671A00D9F39E /* PXRequest+Creation.m in Sources */,
				6336ACE41CED671A00D9F39E /* CollectionViewCell.swift in Sources */,
				6336ACDC1CED671A00D9F39E /* PXAPIHelper.m in Sources */,
				6336ACE91CED671A00D9F39E /* CoverFlowFlowLayout.swift in Sources */,
				63726AD61CE6AF4C00D7C40D /* ViewController.swift in Sources */,
				6336ACE71CED671A00D9F39E /* CollectionViewLayoutAttributes.swift in Sources */,
				6336ACDA1CED671A00D9F39E /* OAuthCore.m in Sources */,
				63726AD41CE6AF4C00D7C40D /* AppDelegate.swift in Sources */,
				6336ACDF1CED671A00D9F39E /* README.markdown in Sources */,
				6336ACD81CED671A00D9F39E /* NSData+Base64.m in Sources */,
				6336ACDB1CED671A00D9F39E /* PXAPIHelper+Auth.m in Sources */,
				6336ACEB1CED671A00D9F39E /* UIView.swift in Sources */,
				6336ACE61CED671A00D9F39E /* CollectionViewHeaderView.swift in Sources */,
				6336ACD91CED671A00D9F39E /* OAuth+Additions.m in Sources */,
				6336ACE51CED671A00D9F39E /* CollectionViewFlowLayout.swift in Sources */,
				6336ACE01CED671A00D9F39E /* AFImageDownloader.m in Sources */,
				6336ACEA1CED671A00D9F39E /* NSData+AFDecompression.m in Sources */,
			);
			runOnlyForDeploymentPostprocessing = 0;
		};
/* End PBXSourcesBuildPhase section */

/* Begin PBXVariantGroup section */
		6336ACC71CED671A00D9F39E /* LaunchScreen.storyboard */ = {
			isa = PBXVariantGroup;
			children = (
				6336ACC81CED671A00D9F39E /* Base */,
			);
			name = LaunchScreen.storyboard;
			sourceTree = "<group>";
		};
		6336ACC91CED671A00D9F39E /* Main.storyboard */ = {
			isa = PBXVariantGroup;
			children = (
				6336ACCA1CED671A00D9F39E /* Base */,
			);
			name = Main.storyboard;
			sourceTree = "<group>";
		};
		63726AD71CE6AF4C00D7C40D /* Main.storyboard */ = {
			isa = PBXVariantGroup;
			children = (
				63726AD81CE6AF4C00D7C40D /* Base */,
			);
			name = Main.storyboard;
			sourceTree = "<group>";
		};
		63726ADC1CE6AF4C00D7C40D /* LaunchScreen.storyboard */ = {
			isa = PBXVariantGroup;
			children = (
				63726ADD1CE6AF4C00D7C40D /* Base */,
			);
			name = LaunchScreen.storyboard;
			sourceTree = "<group>";
		};
/* End PBXVariantGroup section */

/* Begin XCBuildConfiguration section */
		63726AE01CE6AF4C00D7C40D /* Debug */ = {
			isa = XCBuildConfiguration;
			buildSettings = {
				ALWAYS_SEARCH_USER_PATHS = NO;
				CLANG_ANALYZER_NONNULL = YES;
				CLANG_CXX_LANGUAGE_STANDARD = "gnu++0x";
				CLANG_CXX_LIBRARY = "libc++";
				CLANG_ENABLE_MODULES = YES;
				CLANG_ENABLE_OBJC_ARC = YES;
				CLANG_WARN_BOOL_CONVERSION = YES;
				CLANG_WARN_CONSTANT_CONVERSION = YES;
				CLANG_WARN_DIRECT_OBJC_ISA_USAGE = YES_ERROR;
				CLANG_WARN_EMPTY_BODY = YES;
				CLANG_WARN_ENUM_CONVERSION = YES;
				CLANG_WARN_INT_CONVERSION = YES;
				CLANG_WARN_OBJC_ROOT_CLASS = YES_ERROR;
				CLANG_WARN_UNREACHABLE_CODE = YES;
				CLANG_WARN__DUPLICATE_METHOD_MATCH = YES;
				"CODE_SIGN_IDENTITY[sdk=iphoneos*]" = "iPhone Developer";
				COPY_PHASE_STRIP = NO;
				DEBUG_INFORMATION_FORMAT = dwarf;
				ENABLE_STRICT_OBJC_MSGSEND = YES;
				ENABLE_TESTABILITY = YES;
				GCC_C_LANGUAGE_STANDARD = gnu99;
				GCC_DYNAMIC_NO_PIC = NO;
				GCC_NO_COMMON_BLOCKS = YES;
				GCC_OPTIMIZATION_LEVEL = 0;
				GCC_PREPROCESSOR_DEFINITIONS = (
					"DEBUG=1",
					"$(inherited)",
				);
				GCC_WARN_64_TO_32_BIT_CONVERSION = YES;
				GCC_WARN_ABOUT_RETURN_TYPE = YES_ERROR;
				GCC_WARN_UNDECLARED_SELECTOR = YES;
				GCC_WARN_UNINITIALIZED_AUTOS = YES_AGGRESSIVE;
				GCC_WARN_UNUSED_FUNCTION = YES;
				GCC_WARN_UNUSED_VARIABLE = YES;
				IPHONEOS_DEPLOYMENT_TARGET = 9.3;
				MTL_ENABLE_DEBUG_INFO = YES;
				ONLY_ACTIVE_ARCH = YES;
				SDKROOT = iphoneos;
				SWIFT_OPTIMIZATION_LEVEL = "-Onone";
				TARGETED_DEVICE_FAMILY = "1,2";
			};
			name = Debug;
		};
		63726AE11CE6AF4C00D7C40D /* Release */ = {
			isa = XCBuildConfiguration;
			buildSettings = {
				ALWAYS_SEARCH_USER_PATHS = NO;
				CLANG_ANALYZER_NONNULL = YES;
				CLANG_CXX_LANGUAGE_STANDARD = "gnu++0x";
				CLANG_CXX_LIBRARY = "libc++";
				CLANG_ENABLE_MODULES = YES;
				CLANG_ENABLE_OBJC_ARC = YES;
				CLANG_WARN_BOOL_CONVERSION = YES;
				CLANG_WARN_CONSTANT_CONVERSION = YES;
				CLANG_WARN_DIRECT_OBJC_ISA_USAGE = YES_ERROR;
				CLANG_WARN_EMPTY_BODY = YES;
				CLANG_WARN_ENUM_CONVERSION = YES;
				CLANG_WARN_INT_CONVERSION = YES;
				CLANG_WARN_OBJC_ROOT_CLASS = YES_ERROR;
				CLANG_WARN_UNREACHABLE_CODE = YES;
				CLANG_WARN__DUPLICATE_METHOD_MATCH = YES;
				"CODE_SIGN_IDENTITY[sdk=iphoneos*]" = "iPhone Developer";
				COPY_PHASE_STRIP = NO;
				DEBUG_INFORMATION_FORMAT = "dwarf-with-dsym";
				ENABLE_NS_ASSERTIONS = NO;
				ENABLE_STRICT_OBJC_MSGSEND = YES;
				GCC_C_LANGUAGE_STANDARD = gnu99;
				GCC_NO_COMMON_BLOCKS = YES;
				GCC_WARN_64_TO_32_BIT_CONVERSION = YES;
				GCC_WARN_ABOUT_RETURN_TYPE = YES_ERROR;
				GCC_WARN_UNDECLARED_SELECTOR = YES;
				GCC_WARN_UNINITIALIZED_AUTOS = YES_AGGRESSIVE;
				GCC_WARN_UNUSED_FUNCTION = YES;
				GCC_WARN_UNUSED_VARIABLE = YES;
				IPHONEOS_DEPLOYMENT_TARGET = 9.3;
				MTL_ENABLE_DEBUG_INFO = NO;
				SDKROOT = iphoneos;
				TARGETED_DEVICE_FAMILY = "1,2";
				VALIDATE_PRODUCT = YES;
			};
			name = Release;
		};
		63726AE31CE6AF4C00D7C40D /* Debug */ = {
			isa = XCBuildConfiguration;
			buildSettings = {
				ASSETCATALOG_COMPILER_APPICON_NAME = AppIcon;
				CLANG_ENABLE_MODULES = YES;
				INFOPLIST_FILE = StackingLayout/Info.plist;
				LD_RUNPATH_SEARCH_PATHS = "$(inherited) @executable_path/Frameworks";
				PRODUCT_BUNDLE_IDENTIFIER = com.hny.StackingLayout;
				PRODUCT_NAME = "$(TARGET_NAME)";
				SWIFT_OBJC_BRIDGING_HEADER = "StackingLayout/StackingLayout-Bridging-Header.h";
				SWIFT_OPTIMIZATION_LEVEL = "-Onone";
			};
			name = Debug;
		};
		63726AE41CE6AF4C00D7C40D /* Release */ = {
			isa = XCBuildConfiguration;
			buildSettings = {
				ASSETCATALOG_COMPILER_APPICON_NAME = AppIcon;
				CLANG_ENABLE_MODULES = YES;
				INFOPLIST_FILE = StackingLayout/Info.plist;
				LD_RUNPATH_SEARCH_PATHS = "$(inherited) @executable_path/Frameworks";
				PRODUCT_BUNDLE_IDENTIFIER = com.hny.StackingLayout;
				PRODUCT_NAME = "$(TARGET_NAME)";
				SWIFT_OBJC_BRIDGING_HEADER = "StackingLayout/StackingLayout-Bridging-Header.h";
			};
			name = Release;
		};
/* End XCBuildConfiguration section */

/* Begin XCConfigurationList section */
		63726ACB1CE6AF4C00D7C40D /* Build configuration list for PBXProject "StackingLayout" */ = {
			isa = XCConfigurationList;
			buildConfigurations = (
				63726AE01CE6AF4C00D7C40D /* Debug */,
				63726AE11CE6AF4C00D7C40D /* Release */,
			);
			defaultConfigurationIsVisible = 0;
			defaultConfigurationName = Release;
		};
		63726AE21CE6AF4C00D7C40D /* Build configuration list for PBXNativeTarget "StackingLayout" */ = {
			isa = XCConfigurationList;
			buildConfigurations = (
				63726AE31CE6AF4C00D7C40D /* Debug */,
				63726AE41CE6AF4C00D7C40D /* Release */,
			);
			defaultConfigurationIsVisible = 0;
			defaultConfigurationName = Release;
		};
/* End XCConfigurationList section */
	};
	rootObject = 63726AC81CE6AF4C00D7C40D /* Project object */;
}
