// !$*UTF8*$!
{
	archiveVersion = 1;
	classes = {
	};
	objectVersion = 46;
	objects = {

/* Begin PBXBuildFile section */
		631474411CD7F7950017C1BF /* CollectionViewLayoutAttributes.swift in Sources */ = {isa = PBXBuildFile; fileRef = 631474401CD7F7950017C1BF /* CollectionViewLayoutAttributes.swift */; };
		631474431CD826500017C1BF /* UIView.swift in Sources */ = {isa = PBXBuildFile; fileRef = 631474421CD826500017C1BF /* UIView.swift */; };
		6314745F1CD82C7D0017C1BF /* 26.jpg in Resources */ = {isa = PBXBuildFile; fileRef = 631474451CD82C7D0017C1BF /* 26.jpg */; };
		631474601CD82C7D0017C1BF /* 17.jpg in Resources */ = {isa = PBXBuildFile; fileRef = 631474461CD82C7D0017C1BF /* 17.jpg */; };
		631474611CD82C7D0017C1BF /* 18.jpg in Resources */ = {isa = PBXBuildFile; fileRef = 631474471CD82C7D0017C1BF /* 18.jpg */; };
		631474621CD82C7D0017C1BF /* 19.jpg in Resources */ = {isa = PBXBuildFile; fileRef = 631474481CD82C7D0017C1BF /* 19.jpg */; };
		631474631CD82C7D0017C1BF /* 20.jpg in Resources */ = {isa = PBXBuildFile; fileRef = 631474491CD82C7D0017C1BF /* 20.jpg */; };
		631474641CD82C7D0017C1BF /* 21.jpg in Resources */ = {isa = PBXBuildFile; fileRef = 6314744A1CD82C7D0017C1BF /* 21.jpg */; };
		631474651CD82C7D0017C1BF /* 22.jpg in Resources */ = {isa = PBXBuildFile; fileRef = 6314744B1CD82C7D0017C1BF /* 22.jpg */; };
		631474661CD82C7D0017C1BF /* 23.jpg in Resources */ = {isa = PBXBuildFile; fileRef = 6314744C1CD82C7D0017C1BF /* 23.jpg */; };
		631474671CD82C7D0017C1BF /* 24.jpg in Resources */ = {isa = PBXBuildFile; fileRef = 6314744D1CD82C7D0017C1BF /* 24.jpg */; };
		631474681CD82C7D0017C1BF /* 25.jpg in Resources */ = {isa = PBXBuildFile; fileRef = 6314744E1CD82C7D0017C1BF /* 25.jpg */; };
		631474691CD82C7D0017C1BF /* 2.jpg in Resources */ = {isa = PBXBuildFile; fileRef = 6314744F1CD82C7D0017C1BF /* 2.jpg */; };
		6314746A1CD82C7D0017C1BF /* 3.jpg in Resources */ = {isa = PBXBuildFile; fileRef = 631474501CD82C7D0017C1BF /* 3.jpg */; };
		6314746B1CD82C7D0017C1BF /* 4.jpg in Resources */ = {isa = PBXBuildFile; fileRef = 631474511CD82C7D0017C1BF /* 4.jpg */; };
		6314746C1CD82C7D0017C1BF /* 5.jpg in Resources */ = {isa = PBXBuildFile; fileRef = 631474521CD82C7D0017C1BF /* 5.jpg */; };
		6314746D1CD82C7D0017C1BF /* 6.jpg in Resources */ = {isa = PBXBuildFile; fileRef = 631474531CD82C7D0017C1BF /* 6.jpg */; };
		6314746E1CD82C7D0017C1BF /* 7.jpg in Resources */ = {isa = PBXBuildFile; fileRef = 631474541CD82C7D0017C1BF /* 7.jpg */; };
		6314746F1CD82C7D0017C1BF /* 8.jpg in Resources */ = {isa = PBXBuildFile; fileRef = 631474551CD82C7D0017C1BF /* 8.jpg */; };
		631474701CD82C7D0017C1BF /* 9.jpg in Resources */ = {isa = PBXBuildFile; fileRef = 631474561CD82C7D0017C1BF /* 9.jpg */; };
		631474711CD82C7D0017C1BF /* 11.jpg in Resources */ = {isa = PBXBuildFile; fileRef = 631474571CD82C7D0017C1BF /* 11.jpg */; };
		631474721CD82C7D0017C1BF /* 13.jpg in Resources */ = {isa = PBXBuildFile; fileRef = 631474581CD82C7D0017C1BF /* 13.jpg */; };
		631474731CD82C7D0017C1BF /* 14.jpg in Resources */ = {isa = PBXBuildFile; fileRef = 631474591CD82C7D0017C1BF /* 14.jpg */; };
		631474741CD82C7D0017C1BF /* 10.jpg in Resources */ = {isa = PBXBuildFile; fileRef = 6314745A1CD82C7D0017C1BF /* 10.jpg */; };
		631474751CD82C7D0017C1BF /* 15.jpg in Resources */ = {isa = PBXBuildFile; fileRef = 6314745B1CD82C7D0017C1BF /* 15.jpg */; };
		631474761CD82C7D0017C1BF /* 16.jpg in Resources */ = {isa = PBXBuildFile; fileRef = 6314745C1CD82C7D0017C1BF /* 16.jpg */; };
		631474771CD82C7D0017C1BF /* 1.jpg in Resources */ = {isa = PBXBuildFile; fileRef = 6314745D1CD82C7D0017C1BF /* 1.jpg */; };
		631474781CD82C7D0017C1BF /* 12.jpg in Resources */ = {isa = PBXBuildFile; fileRef = 6314745E1CD82C7D0017C1BF /* 12.jpg */; };
		634CD6BB1CD71C1A0086BF91 /* AppDelegate.swift in Sources */ = {isa = PBXBuildFile; fileRef = 634CD6BA1CD71C1A0086BF91 /* AppDelegate.swift */; };
		634CD6BD1CD71C1A0086BF91 /* ViewController.swift in Sources */ = {isa = PBXBuildFile; fileRef = 634CD6BC1CD71C1A0086BF91 /* ViewController.swift */; };
		634CD6C21CD71C1A0086BF91 /* Assets.xcassets in Resources */ = {isa = PBXBuildFile; fileRef = 634CD6C11CD71C1A0086BF91 /* Assets.xcassets */; };
		634CD6C51CD71C1A0086BF91 /* LaunchScreen.storyboard in Resources */ = {isa = PBXBuildFile; fileRef = 634CD6C31CD71C1A0086BF91 /* LaunchScreen.storyboard */; };
		634CD6CD1CD71C3E0086BF91 /* QuartzCore.framework in Frameworks */ = {isa = PBXBuildFile; fileRef = 634CD6CC1CD71C3E0086BF91 /* QuartzCore.framework */; };
		634CD6D01CD71CFE0086BF91 /* PhotoModel.swift in Sources */ = {isa = PBXBuildFile; fileRef = 634CD6CF1CD71CFE0086BF91 /* PhotoModel.swift */; };
		634CD6D31CD71D710086BF91 /* CoverFlowFlowLayout.swift in Sources */ = {isa = PBXBuildFile; fileRef = 634CD6D21CD71D710086BF91 /* CoverFlowFlowLayout.swift */; };
		634CD6D61CD71FBD0086BF91 /* CollectionViewCell.swift in Sources */ = {isa = PBXBuildFile; fileRef = 634CD6D51CD71FBD0086BF91 /* CollectionViewCell.swift */; };
/* End PBXBuildFile section */

/* Begin PBXFileReference section */
		631474401CD7F7950017C1BF /* CollectionViewLayoutAttributes.swift */ = {isa = PBXFileReference; fileEncoding = 4; lastKnownFileType = sourcecode.swift; path = CollectionViewLayoutAttributes.swift; sourceTree = "<group>"; };
		631474421CD826500017C1BF /* UIView.swift */ = {isa = PBXFileReference; fileEncoding = 4; lastKnownFileType = sourcecode.swift; path = UIView.swift; sourceTree = "<group>"; };
		631474451CD82C7D0017C1BF /* 26.jpg */ = {isa = PBXFileReference; lastKnownFileType = image.jpeg; path = 26.jpg; sourceTree = "<group>"; };
		631474461CD82C7D0017C1BF /* 17.jpg */ = {isa = PBXFileReference; lastKnownFileType = image.jpeg; path = 17.jpg; sourceTree = "<group>"; };
		631474471CD82C7D0017C1BF /* 18.jpg */ = {isa = PBXFileReference; lastKnownFileType = image.jpeg; path = 18.jpg; sourceTree = "<group>"; };
		631474481CD82C7D0017C1BF /* 19.jpg */ = {isa = PBXFileReference; lastKnownFileType = image.jpeg; path = 19.jpg; sourceTree = "<group>"; };
		631474491CD82C7D0017C1BF /* 20.jpg */ = {isa = PBXFileReference; lastKnownFileType = image.jpeg; path = 20.jpg; sourceTree = "<group>"; };
		6314744A1CD82C7D0017C1BF /* 21.jpg */ = {isa = PBXFileReference; lastKnownFileType = image.jpeg; path = 21.jpg; sourceTree = "<group>"; };
		6314744B1CD82C7D0017C1BF /* 22.jpg */ = {isa = PBXFileReference; lastKnownFileType = image.jpeg; path = 22.jpg; sourceTree = "<group>"; };
		6314744C1CD82C7D0017C1BF /* 23.jpg */ = {isa = PBXFileReference; lastKnownFileType = image.jpeg; path = 23.jpg; sourceTree = "<group>"; };
		6314744D1CD82C7D0017C1BF /* 24.jpg */ = {isa = PBXFileReference; lastKnownFileType = image.jpeg; path = 24.jpg; sourceTree = "<group>"; };
		6314744E1CD82C7D0017C1BF /* 25.jpg */ = {isa = PBXFileReference; lastKnownFileType = image.jpeg; path = 25.jpg; sourceTree = "<group>"; };
		6314744F1CD82C7D0017C1BF /* 2.jpg */ = {isa = PBXFileReference; lastKnownFileType = image.jpeg; path = 2.jpg; sourceTree = "<group>"; };
		631474501CD82C7D0017C1BF /* 3.jpg */ = {isa = PBXFileReference; lastKnownFileType = image.jpeg; path = 3.jpg; sourceTree = "<group>"; };
		631474511CD82C7D0017C1BF /* 4.jpg */ = {isa = PBXFileReference; lastKnownFileType = image.jpeg; path = 4.jpg; sourceTree = "<group>"; };
		631474521CD82C7D0017C1BF /* 5.jpg */ = {isa = PBXFileReference; lastKnownFileType = image.jpeg; path = 5.jpg; sourceTree = "<group>"; };
		631474531CD82C7D0017C1BF /* 6.jpg */ = {isa = PBXFileReference; lastKnownFileType = image.jpeg; path = 6.jpg; sourceTree = "<group>"; };
		631474541CD82C7D0017C1BF /* 7.jpg */ = {isa = PBXFileReference; lastKnownFileType = image.jpeg; path = 7.jpg; sourceTree = "<group>"; };
		631474551CD82C7D0017C1BF /* 8.jpg */ = {isa = PBXFileReference; lastKnownFileType = image.jpeg; path = 8.jpg; sourceTree = "<group>"; };
		631474561CD82C7D0017C1BF /* 9.jpg */ = {isa = PBXFileReference; lastKnownFileType = image.jpeg; path = 9.jpg; sourceTree = "<group>"; };
		631474571CD82C7D0017C1BF /* 11.jpg */ = {isa = PBXFileReference; lastKnownFileType = image.jpeg; path = 11.jpg; sourceTree = "<group>"; };
		631474581CD82C7D0017C1BF /* 13.jpg */ = {isa = PBXFileReference; lastKnownFileType = image.jpeg; path = 13.jpg; sourceTree = "<group>"; };
		631474591CD82C7D0017C1BF /* 14.jpg */ = {isa = PBXFileReference; lastKnownFileType = image.jpeg; path = 14.jpg; sourceTree = "<group>"; };
		6314745A1CD82C7D0017C1BF /* 10.jpg */ = {isa = PBXFileReference; lastKnownFileType = image.jpeg; path = 10.jpg; sourceTree = "<group>"; };
		6314745B1CD82C7D0017C1BF /* 15.jpg */ = {isa = PBXFileReference; lastKnownFileType = image.jpeg; path = 15.jpg; sourceTree = "<group>"; };
		6314745C1CD82C7D0017C1BF /* 16.jpg */ = {isa = PBXFileReference; lastKnownFileType = image.jpeg; path = 16.jpg; sourceTree = "<group>"; };
		6314745D1CD82C7D0017C1BF /* 1.jpg */ = {isa = PBXFileReference; lastKnownFileType = image.jpeg; path = 1.jpg; sourceTree = "<group>"; };
		6314745E1CD82C7D0017C1BF /* 12.jpg */ = {isa = PBXFileReference; lastKnownFileType = image.jpeg; path = 12.jpg; sourceTree = "<group>"; };
		634CD6B71CD71C1A0086BF91 /* CoverFlow.app */ = {isa = PBXFileReference; explicitFileType = wrapper.application; includeInIndex = 0; path = CoverFlow.app; sourceTree = BUILT_PRODUCTS_DIR; };
		634CD6BA1CD71C1A0086BF91 /* AppDelegate.swift */ = {isa = PBXFileReference; lastKnownFileType = sourcecode.swift; path = AppDelegate.swift; sourceTree = "<group>"; };
		634CD6BC1CD71C1A0086BF91 /* ViewController.swift */ = {isa = PBXFileReference; lastKnownFileType = sourcecode.swift; path = ViewController.swift; sourceTree = "<group>"; };
		634CD6C11CD71C1A0086BF91 /* Assets.xcassets */ = {isa = PBXFileReference; lastKnownFileType = folder.assetcatalog; path = Assets.xcassets; sourceTree = "<group>"; };
		634CD6C41CD71C1A0086BF91 /* Base */ = {isa = PBXFileReference; lastKnownFileType = file.storyboard; name = Base; path = Base.lproj/LaunchScreen.storyboard; sourceTree = "<group>"; };
		634CD6C61CD71C1A0086BF91 /* Info.plist */ = {isa = PBXFileReference; lastKnownFileType = text.plist.xml; path = Info.plist; sourceTree = "<group>"; };
		634CD6CC1CD71C3E0086BF91 /* QuartzCore.framework */ = {isa = PBXFileReference; lastKnownFileType = wrapper.framework; name = QuartzCore.framework; path = System/Library/Frameworks/QuartzCore.framework; sourceTree = SDKROOT; };
		634CD6CF1CD71CFE0086BF91 /* PhotoModel.swift */ = {isa = PBXFileReference; fileEncoding = 4; lastKnownFileType = sourcecode.swift; path = PhotoModel.swift; sourceTree = "<group>"; };
		634CD6D21CD71D710086BF91 /* CoverFlowFlowLayout.swift */ = {isa = PBXFileReference; fileEncoding = 4; lastKnownFileType = sourcecode.swift; path = CoverFlowFlowLayout.swift; sourceTree = "<group>"; };
		634CD6D51CD71FBD0086BF91 /* CollectionViewCell.swift */ = {isa = PBXFileReference; fileEncoding = 4; lastKnownFileType = sourcecode.swift; path = CollectionViewCell.swift; sourceTree = "<group>"; };
/* End PBXFileReference section */

/* Begin PBXFrameworksBuildPhase section */
		634CD6B41CD71C1A0086BF91 /* Frameworks */ = {
			isa = PBXFrameworksBuildPhase;
			buildActionMask = 2147483647;
			files = (
				634CD6CD1CD71C3E0086BF91 /* QuartzCore.framework in Frameworks */,
			);
			runOnlyForDeploymentPostprocessing = 0;
		};
/* End PBXFrameworksBuildPhase section */

/* Begin PBXGroup section */
		631474441CD826550017C1BF /* Extensions */ = {
			isa = PBXGroup;
			children = (
				631474421CD826500017C1BF /* UIView.swift */,
			);
			name = Extensions;
			sourceTree = "<group>";
		};
		631474791CD82C830017C1BF /* Photos */ = {
			isa = PBXGroup;
			children = (
				631474451CD82C7D0017C1BF /* 26.jpg */,
				631474461CD82C7D0017C1BF /* 17.jpg */,
				631474471CD82C7D0017C1BF /* 18.jpg */,
				631474481CD82C7D0017C1BF /* 19.jpg */,
				631474491CD82C7D0017C1BF /* 20.jpg */,
				6314744A1CD82C7D0017C1BF /* 21.jpg */,
				6314744B1CD82C7D0017C1BF /* 22.jpg */,
				6314744C1CD82C7D0017C1BF /* 23.jpg */,
				6314744D1CD82C7D0017C1BF /* 24.jpg */,
				6314744E1CD82C7D0017C1BF /* 25.jpg */,
				6314744F1CD82C7D0017C1BF /* 2.jpg */,
				631474501CD82C7D0017C1BF /* 3.jpg */,
				631474511CD82C7D0017C1BF /* 4.jpg */,
				631474521CD82C7D0017C1BF /* 5.jpg */,
				631474531CD82C7D0017C1BF /* 6.jpg */,
				631474541CD82C7D0017C1BF /* 7.jpg */,
				631474551CD82C7D0017C1BF /* 8.jpg */,
				631474561CD82C7D0017C1BF /* 9.jpg */,
				631474571CD82C7D0017C1BF /* 11.jpg */,
				631474581CD82C7D0017C1BF /* 13.jpg */,
				631474591CD82C7D0017C1BF /* 14.jpg */,
				6314745A1CD82C7D0017C1BF /* 10.jpg */,
				6314745B1CD82C7D0017C1BF /* 15.jpg */,
				6314745C1CD82C7D0017C1BF /* 16.jpg */,
				6314745D1CD82C7D0017C1BF /* 1.jpg */,
				6314745E1CD82C7D0017C1BF /* 12.jpg */,
			);
			name = Photos;
			sourceTree = "<group>";
		};
		634CD6AE1CD71C1A0086BF91 = {
			isa = PBXGroup;
			children = (
				634CD6CC1CD71C3E0086BF91 /* QuartzCore.framework */,
				634CD6B91CD71C1A0086BF91 /* CoverFlow */,
				634CD6B81CD71C1A0086BF91 /* Products */,
			);
			sourceTree = "<group>";
		};
		634CD6B81CD71C1A0086BF91 /* Products */ = {
			isa = PBXGroup;
			children = (
				634CD6B71CD71C1A0086BF91 /* CoverFlow.app */,
			);
			name = Products;
			sourceTree = "<group>";
		};
		634CD6B91CD71C1A0086BF91 /* CoverFlow */ = {
			isa = PBXGroup;
			children = (
				631474791CD82C830017C1BF /* Photos */,
				634CD6BA1CD71C1A0086BF91 /* AppDelegate.swift */,
				634CD6D11CD71D030086BF91 /* Models */,
				634CD6D71CD71FC20086BF91 /* Views */,
				634CD6CE1CD71CE10086BF91 /* Controllers */,
				634CD6D41CD71D780086BF91 /* Flow Layouts */,
				631474441CD826550017C1BF /* Extensions */,
				634CD6C11CD71C1A0086BF91 /* Assets.xcassets */,
				634CD6C31CD71C1A0086BF91 /* LaunchScreen.storyboard */,
				634CD6C61CD71C1A0086BF91 /* Info.plist */,
			);
			path = CoverFlow;
			sourceTree = "<group>";
		};
		634CD6CE1CD71CE10086BF91 /* Controllers */ = {
			isa = PBXGroup;
			children = (
				634CD6BC1CD71C1A0086BF91 /* ViewController.swift */,
			);
			name = Controllers;
			sourceTree = "<group>";
		};
		634CD6D11CD71D030086BF91 /* Models */ = {
			isa = PBXGroup;
			children = (
				634CD6CF1CD71CFE0086BF91 /* PhotoModel.swift */,
			);
			name = Models;
			sourceTree = "<group>";
		};
		634CD6D41CD71D780086BF91 /* Flow Layouts */ = {
			isa = PBXGroup;
			children = (
				634CD6D21CD71D710086BF91 /* CoverFlowFlowLayout.swift */,
				631474401CD7F7950017C1BF /* CollectionViewLayoutAttributes.swift */,
			);
			name = "Flow Layouts";
			sourceTree = "<group>";
		};
		634CD6D71CD71FC20086BF91 /* Views */ = {
			isa = PBXGroup;
			children = (
				634CD6D51CD71FBD0086BF91 /* CollectionViewCell.swift */,
			);
			name = Views;
			sourceTree = "<group>";
		};
/* End PBXGroup section */

/* Begin PBXNativeTarget section */
		634CD6B61CD71C1A0086BF91 /* CoverFlow */ = {
			isa = PBXNativeTarget;
			buildConfigurationList = 634CD6C91CD71C1A0086BF91 /* Build configuration list for PBXNativeTarget "CoverFlow" */;
			buildPhases = (
				634CD6B31CD71C1A0086BF91 /* Sources */,
				634CD6B41CD71C1A0086BF91 /* Frameworks */,
				634CD6B51CD71C1A0086BF91 /* Resources */,
			);
			buildRules = (
			);
			dependencies = (
			);
			name = CoverFlow;
			productName = CoverFlow;
			productReference = 634CD6B71CD71C1A0086BF91 /* CoverFlow.app */;
			productType = "com.apple.product-type.application";
		};
/* End PBXNativeTarget section */

/* Begin PBXProject section */
		634CD6AF1CD71C1A0086BF91 /* Project object */ = {
			isa = PBXProject;
			attributes = {
				LastSwiftUpdateCheck = 0730;
				LastUpgradeCheck = 0730;
				ORGANIZATIONNAME = "Hans Yelek";
				TargetAttributes = {
					634CD6B61CD71C1A0086BF91 = {
						CreatedOnToolsVersion = 7.3;
						DevelopmentTeam = L28G232VTS;
					};
				};
			};
			buildConfigurationList = 634CD6B21CD71C1A0086BF91 /* Build configuration list for PBXProject "CoverFlow" */;
			compatibilityVersion = "Xcode 3.2";
			developmentRegion = English;
			hasScannedForEncodings = 0;
			knownRegions = (
				en,
				Base,
			);
			mainGroup = 634CD6AE1CD71C1A0086BF91;
			productRefGroup = 634CD6B81CD71C1A0086BF91 /* Products */;
			projectDirPath = "";
			projectRoot = "";
			targets = (
				634CD6B61CD71C1A0086BF91 /* CoverFlow */,
			);
		};
/* End PBXProject section */

/* Begin PBXResourcesBuildPhase section */
		634CD6B51CD71C1A0086BF91 /* Resources */ = {
			isa = PBXResourcesBuildPhase;
			buildActionMask = 2147483647;
			files = (
				631474761CD82C7D0017C1BF /* 16.jpg in Resources */,
				631474751CD82C7D0017C1BF /* 15.jpg in Resources */,
				6314746F1CD82C7D0017C1BF /* 8.jpg in Resources */,
				631474681CD82C7D0017C1BF /* 25.jpg in Resources */,
				631474731CD82C7D0017C1BF /* 14.jpg in Resources */,
				631474661CD82C7D0017C1BF /* 23.jpg in Resources */,
				631474671CD82C7D0017C1BF /* 24.jpg in Resources */,
				6314746B1CD82C7D0017C1BF /* 4.jpg in Resources */,
				631474721CD82C7D0017C1BF /* 13.jpg in Resources */,
				631474641CD82C7D0017C1BF /* 21.jpg in Resources */,
				631474631CD82C7D0017C1BF /* 20.jpg in Resources */,
				6314746A1CD82C7D0017C1BF /* 3.jpg in Resources */,
				631474611CD82C7D0017C1BF /* 18.jpg in Resources */,
				631474621CD82C7D0017C1BF /* 19.jpg in Resources */,
				6314746D1CD82C7D0017C1BF /* 6.jpg in Resources */,
				631474771CD82C7D0017C1BF /* 1.jpg in Resources */,
				631474781CD82C7D0017C1BF /* 12.jpg in Resources */,
				6314746C1CD82C7D0017C1BF /* 5.jpg in Resources */,
				631474711CD82C7D0017C1BF /* 11.jpg in Resources */,
				634CD6C51CD71C1A0086BF91 /* LaunchScreen.storyboard in Resources */,
				631474701CD82C7D0017C1BF /* 9.jpg in Resources */,
				631474601CD82C7D0017C1BF /* 17.jpg in Resources */,
				631474691CD82C7D0017C1BF /* 2.jpg in Resources */,
				631474651CD82C7D0017C1BF /* 22.jpg in Resources */,
				6314746E1CD82C7D0017C1BF /* 7.jpg in Resources */,
				634CD6C21CD71C1A0086BF91 /* Assets.xcassets in Resources */,
				631474741CD82C7D0017C1BF /* 10.jpg in Resources */,
				6314745F1CD82C7D0017C1BF /* 26.jpg in Resources */,
			);
			runOnlyForDeploymentPostprocessing = 0;
		};
/* End PBXResourcesBuildPhase section */

/* Begin PBXSourcesBuildPhase section */
		634CD6B31CD71C1A0086BF91 /* Sources */ = {
			isa = PBXSourcesBuildPhase;
			buildActionMask = 2147483647;
			files = (
				634CD6D61CD71FBD0086BF91 /* CollectionViewCell.swift in Sources */,
				634CD6D01CD71CFE0086BF91 /* PhotoModel.swift in Sources */,
				634CD6D31CD71D710086BF91 /* CoverFlowFlowLayout.swift in Sources */,
				631474431CD826500017C1BF /* UIView.swift in Sources */,
				634CD6BD1CD71C1A0086BF91 /* ViewController.swift in Sources */,
				634CD6BB1CD71C1A0086BF91 /* AppDelegate.swift in Sources */,
				631474411CD7F7950017C1BF /* CollectionViewLayoutAttributes.swift in Sources */,
			);
			runOnlyForDeploymentPostprocessing = 0;
		};
/* End PBXSourcesBuildPhase section */

/* Begin PBXVariantGroup section */
		634CD6C31CD71C1A0086BF91 /* LaunchScreen.storyboard */ = {
			isa = PBXVariantGroup;
			children = (
				634CD6C41CD71C1A0086BF91 /* Base */,
			);
			name = LaunchScreen.storyboard;
			sourceTree = "<group>";
		};
/* End PBXVariantGroup section */

/* Begin XCBuildConfiguration section */
		634CD6C71CD71C1A0086BF91 /* Debug */ = {
			isa = XCBuildConfiguration;
			buildSettings = {
				ALWAYS_SEARCH_USER_PATHS = NO;
				CLANG_ANALYZER_NONNULL = YES;
				CLANG_CXX_LANGUAGE_STANDARD = "gnu++0x";
				CLANG_CXX_LIBRARY = "libc++";
				CLANG_ENABLE_MODULES = YES;
				CLANG_ENABLE_OBJC_ARC = YES;
				CLANG_WARN_BOOL_CONVERSION = YES;
				CLANG_WARN_CONSTANT_CONVERSION = YES;
				CLANG_WARN_DIRECT_OBJC_ISA_USAGE = YES_ERROR;
				CLANG_WARN_EMPTY_BODY = YES;
				CLANG_WARN_ENUM_CONVERSION = YES;
				CLANG_WARN_INT_CONVERSION = YES;
				CLANG_WARN_OBJC_ROOT_CLASS = YES_ERROR;
				CLANG_WARN_UNREACHABLE_CODE = YES;
				CLANG_WARN__DUPLICATE_METHOD_MATCH = YES;
				"CODE_SIGN_IDENTITY[sdk=iphoneos*]" = "iPhone Developer";
				COPY_PHASE_STRIP = NO;
				DEBUG_INFORMATION_FORMAT = dwarf;
				ENABLE_STRICT_OBJC_MSGSEND = YES;
				ENABLE_TESTABILITY = YES;
				GCC_C_LANGUAGE_STANDARD = gnu99;
				GCC_DYNAMIC_NO_PIC = NO;
				GCC_NO_COMMON_BLOCKS = YES;
				GCC_OPTIMIZATION_LEVEL = 0;
				GCC_PREPROCESSOR_DEFINITIONS = (
					"DEBUG=1",
					"$(inherited)",
				);
				GCC_WARN_64_TO_32_BIT_CONVERSION = YES;
				GCC_WARN_ABOUT_RETURN_TYPE = YES_ERROR;
				GCC_WARN_UNDECLARED_SELECTOR = YES;
				GCC_WARN_UNINITIALIZED_AUTOS = YES_AGGRESSIVE;
				GCC_WARN_UNUSED_FUNCTION = YES;
				GCC_WARN_UNUSED_VARIABLE = YES;
				IPHONEOS_DEPLOYMENT_TARGET = 9.3;
				MTL_ENABLE_DEBUG_INFO = YES;
				ONLY_ACTIVE_ARCH = YES;
				SDKROOT = iphoneos;
				SWIFT_OPTIMIZATION_LEVEL = "-Onone";
				TARGETED_DEVICE_FAMILY = "1,2";
			};
			name = Debug;
		};
		634CD6C81CD71C1A0086BF91 /* Release */ = {
			isa = XCBuildConfiguration;
			buildSettings = {
				ALWAYS_SEARCH_USER_PATHS = NO;
				CLANG_ANALYZER_NONNULL = YES;
				CLANG_CXX_LANGUAGE_STANDARD = "gnu++0x";
				CLANG_CXX_LIBRARY = "libc++";
				CLANG_ENABLE_MODULES = YES;
				CLANG_ENABLE_OBJC_ARC = YES;
				CLANG_WARN_BOOL_CONVERSION = YES;
				CLANG_WARN_CONSTANT_CONVERSION = YES;
				CLANG_WARN_DIRECT_OBJC_ISA_USAGE = YES_ERROR;
				CLANG_WARN_EMPTY_BODY = YES;
				CLANG_WARN_ENUM_CONVERSION = YES;
				CLANG_WARN_INT_CONVERSION = YES;
				CLANG_WARN_OBJC_ROOT_CLASS = YES_ERROR;
				CLANG_WARN_UNREACHABLE_CODE = YES;
				CLANG_WARN__DUPLICATE_METHOD_MATCH = YES;
				"CODE_SIGN_IDENTITY[sdk=iphoneos*]" = "iPhone Developer";
				COPY_PHASE_STRIP = NO;
				DEBUG_INFORMATION_FORMAT = "dwarf-with-dsym";
				ENABLE_NS_ASSERTIONS = NO;
				ENABLE_STRICT_OBJC_MSGSEND = YES;
				GCC_C_LANGUAGE_STANDARD = gnu99;
				GCC_NO_COMMON_BLOCKS = YES;
				GCC_WARN_64_TO_32_BIT_CONVERSION = YES;
				GCC_WARN_ABOUT_RETURN_TYPE = YES_ERROR;
				GCC_WARN_UNDECLARED_SELECTOR = YES;
				GCC_WARN_UNINITIALIZED_AUTOS = YES_AGGRESSIVE;
				GCC_WARN_UNUSED_FUNCTION = YES;
				GCC_WARN_UNUSED_VARIABLE = YES;
				IPHONEOS_DEPLOYMENT_TARGET = 9.3;
				MTL_ENABLE_DEBUG_INFO = NO;
				SDKROOT = iphoneos;
				TARGETED_DEVICE_FAMILY = "1,2";
				VALIDATE_PRODUCT = YES;
			};
			name = Release;
		};
		634CD6CA1CD71C1A0086BF91 /* Debug */ = {
			isa = XCBuildConfiguration;
			buildSettings = {
				ASSETCATALOG_COMPILER_APPICON_NAME = AppIcon;
				INFOPLIST_FILE = CoverFlow/Info.plist;
				LD_RUNPATH_SEARCH_PATHS = "$(inherited) @executable_path/Frameworks";
				PRODUCT_BUNDLE_IDENTIFIER = com.hny.CoverFlow;
				PRODUCT_NAME = "$(TARGET_NAME)";
			};
			name = Debug;
		};
		634CD6CB1CD71C1A0086BF91 /* Release */ = {
			isa = XCBuildConfiguration;
			buildSettings = {
				ASSETCATALOG_COMPILER_APPICON_NAME = AppIcon;
				INFOPLIST_FILE = CoverFlow/Info.plist;
				LD_RUNPATH_SEARCH_PATHS = "$(inherited) @executable_path/Frameworks";
				PRODUCT_BUNDLE_IDENTIFIER = com.hny.CoverFlow;
				PRODUCT_NAME = "$(TARGET_NAME)";
			};
			name = Release;
		};
/* End XCBuildConfiguration section */

/* Begin XCConfigurationList section */
		634CD6B21CD71C1A0086BF91 /* Build configuration list for PBXProject "CoverFlow" */ = {
			isa = XCConfigurationList;
			buildConfigurations = (
				634CD6C71CD71C1A0086BF91 /* Debug */,
				634CD6C81CD71C1A0086BF91 /* Release */,
			);
			defaultConfigurationIsVisible = 0;
			defaultConfigurationName = Release;
		};
		634CD6C91CD71C1A0086BF91 /* Build configuration list for PBXNativeTarget "CoverFlow" */ = {
			isa = XCConfigurationList;
			buildConfigurations = (
				634CD6CA1CD71C1A0086BF91 /* Debug */,
				634CD6CB1CD71C1A0086BF91 /* Release */,
			);
			defaultConfigurationIsVisible = 0;
			defaultConfigurationName = Release;
		};
/* End XCConfigurationList section */
	};
	rootObject = 634CD6AF1CD71C1A0086BF91 /* Project object */;
}
