// !$*UTF8*$!
{
	archiveVersion = 1;
	classes = {
	};
	objectVersion = 46;
	objects = {

/* Begin PBXBuildFile section */
		63012DD91CCE05D7008C989F /* AppDelegate.swift in Sources */ = {isa = PBXBuildFile; fileRef = 63012DD81CCE05D7008C989F /* AppDelegate.swift */; };
		63012DDB1CCE05D7008C989F /* ViewController.swift in Sources */ = {isa = PBXBuildFile; fileRef = 63012DDA1CCE05D7008C989F /* ViewController.swift */; };
		63012DE01CCE05D7008C989F /* Assets.xcassets in Resources */ = {isa = PBXBuildFile; fileRef = 63012DDF1CCE05D7008C989F /* Assets.xcassets */; };
		63012DE31CCE05D7008C989F /* LaunchScreen.storyboard in Resources */ = {isa = PBXBuildFile; fileRef = 63012DE11CCE05D7008C989F /* LaunchScreen.storyboard */; };
/* End PBXBuildFile section */

/* Begin PBXFileReference section */
		63012DD51CCE05D7008C989F /* chapter2-2.app */ = {isa = PBXFileReference; explicitFileType = wrapper.application; includeInIndex = 0; path = "chapter2-2.app"; sourceTree = BUILT_PRODUCTS_DIR; };
		63012DD81CCE05D7008C989F /* AppDelegate.swift */ = {isa = PBXFileReference; lastKnownFileType = sourcecode.swift; path = AppDelegate.swift; sourceTree = "<group>"; };
		63012DDA1CCE05D7008C989F /* ViewController.swift */ = {isa = PBXFileReference; lastKnownFileType = sourcecode.swift; path = ViewController.swift; sourceTree = "<group>"; };
		63012DDF1CCE05D7008C989F /* Assets.xcassets */ = {isa = PBXFileReference; lastKnownFileType = folder.assetcatalog; path = Assets.xcassets; sourceTree = "<group>"; };
		63012DE21CCE05D7008C989F /* Base */ = {isa = PBXFileReference; lastKnownFileType = file.storyboard; name = Base; path = Base.lproj/LaunchScreen.storyboard; sourceTree = "<group>"; };
		63012DE41CCE05D7008C989F /* Info.plist */ = {isa = PBXFileReference; lastKnownFileType = text.plist.xml; path = Info.plist; sourceTree = "<group>"; };
/* End PBXFileReference section */

/* Begin PBXFrameworksBuildPhase section */
		63012DD21CCE05D7008C989F /* Frameworks */ = {
			isa = PBXFrameworksBuildPhase;
			buildActionMask = 2147483647;
			files = (
			);
			runOnlyForDeploymentPostprocessing = 0;
		};
/* End PBXFrameworksBuildPhase section */

/* Begin PBXGroup section */
		63012DCC1CCE05D7008C989F = {
			isa = PBXGroup;
			children = (
				63012DD71CCE05D7008C989F /* chapter2-2 */,
				63012DD61CCE05D7008C989F /* Products */,
			);
			sourceTree = "<group>";
		};
		63012DD61CCE05D7008C989F /* Products */ = {
			isa = PBXGroup;
			children = (
				63012DD51CCE05D7008C989F /* chapter2-2.app */,
			);
			name = Products;
			sourceTree = "<group>";
		};
		63012DD71CCE05D7008C989F /* chapter2-2 */ = {
			isa = PBXGroup;
			children = (
				63012DD81CCE05D7008C989F /* AppDelegate.swift */,
				63012DDA1CCE05D7008C989F /* ViewController.swift */,
				63012DDF1CCE05D7008C989F /* Assets.xcassets */,
				63012DE11CCE05D7008C989F /* LaunchScreen.storyboard */,
				63012DE41CCE05D7008C989F /* Info.plist */,
			);
			path = "chapter2-2";
			sourceTree = "<group>";
		};
/* End PBXGroup section */

/* Begin PBXNativeTarget section */
		63012DD41CCE05D7008C989F /* chapter2-2 */ = {
			isa = PBXNativeTarget;
			buildConfigurationList = 63012DE71CCE05D7008C989F /* Build configuration list for PBXNativeTarget "chapter2-2" */;
			buildPhases = (
				63012DD11CCE05D7008C989F /* Sources */,
				63012DD21CCE05D7008C989F /* Frameworks */,
				63012DD31CCE05D7008C989F /* Resources */,
			);
			buildRules = (
			);
			dependencies = (
			);
			name = "chapter2-2";
			productName = "chapter2-2";
			productReference = 63012DD51CCE05D7008C989F /* chapter2-2.app */;
			productType = "com.apple.product-type.application";
		};
/* End PBXNativeTarget section */

/* Begin PBXProject section */
		63012DCD1CCE05D7008C989F /* Project object */ = {
			isa = PBXProject;
			attributes = {
				LastSwiftUpdateCheck = 0730;
				LastUpgradeCheck = 0730;
				ORGANIZATIONNAME = "Hans Yelek";
				TargetAttributes = {
					63012DD41CCE05D7008C989F = {
						CreatedOnToolsVersion = 7.3;
						DevelopmentTeam = L28G232VTS;
					};
				};
			};
			buildConfigurationList = 63012DD01CCE05D7008C989F /* Build configuration list for PBXProject "chapter2-2" */;
			compatibilityVersion = "Xcode 3.2";
			developmentRegion = English;
			hasScannedForEncodings = 0;
			knownRegions = (
				en,
				Base,
			);
			mainGroup = 63012DCC1CCE05D7008C989F;
			productRefGroup = 63012DD61CCE05D7008C989F /* Products */;
			projectDirPath = "";
			projectRoot = "";
			targets = (
				63012DD41CCE05D7008C989F /* chapter2-2 */,
			);
		};
/* End PBXProject section */

/* Begin PBXResourcesBuildPhase section */
		63012DD31CCE05D7008C989F /* Resources */ = {
			isa = PBXResourcesBuildPhase;
			buildActionMask = 2147483647;
			files = (
				63012DE31CCE05D7008C989F /* LaunchScreen.storyboard in Resources */,
				63012DE01CCE05D7008C989F /* Assets.xcassets in Resources */,
			);
			runOnlyForDeploymentPostprocessing = 0;
		};
/* End PBXResourcesBuildPhase section */

/* Begin PBXSourcesBuildPhase section */
		63012DD11CCE05D7008C989F /* Sources */ = {
			isa = PBXSourcesBuildPhase;
			buildActionMask = 2147483647;
			files = (
				63012DDB1CCE05D7008C989F /* ViewController.swift in Sources */,
				63012DD91CCE05D7008C989F /* AppDelegate.swift in Sources */,
			);
			runOnlyForDeploymentPostprocessing = 0;
		};
/* End PBXSourcesBuildPhase section */

/* Begin PBXVariantGroup section */
		63012DE11CCE05D7008C989F /* LaunchScreen.storyboard */ = {
			isa = PBXVariantGroup;
			children = (
				63012DE21CCE05D7008C989F /* Base */,
			);
			name = LaunchScreen.storyboard;
			sourceTree = "<group>";
		};
/* End PBXVariantGroup section */

/* Begin XCBuildConfiguration section */
		63012DE51CCE05D7008C989F /* Debug */ = {
			isa = XCBuildConfiguration;
			buildSettings = {
				ALWAYS_SEARCH_USER_PATHS = NO;
				CLANG_ANALYZER_NONNULL = YES;
				CLANG_CXX_LANGUAGE_STANDARD = "gnu++0x";
				CLANG_CXX_LIBRARY = "libc++";
				CLANG_ENABLE_MODULES = YES;
				CLANG_ENABLE_OBJC_ARC = YES;
				CLANG_WARN_BOOL_CONVERSION = YES;
				CLANG_WARN_CONSTANT_CONVERSION = YES;
				CLANG_WARN_DIRECT_OBJC_ISA_USAGE = YES_ERROR;
				CLANG_WARN_EMPTY_BODY = YES;
				CLANG_WARN_ENUM_CONVERSION = YES;
				CLANG_WARN_INT_CONVERSION = YES;
				CLANG_WARN_OBJC_ROOT_CLASS = YES_ERROR;
				CLANG_WARN_UNREACHABLE_CODE = YES;
				CLANG_WARN__DUPLICATE_METHOD_MATCH = YES;
				"CODE_SIGN_IDENTITY[sdk=iphoneos*]" = "iPhone Developer";
				COPY_PHASE_STRIP = NO;
				DEBUG_INFORMATION_FORMAT = dwarf;
				ENABLE_STRICT_OBJC_MSGSEND = YES;
				ENABLE_TESTABILITY = YES;
				GCC_C_LANGUAGE_STANDARD = gnu99;
				GCC_DYNAMIC_NO_PIC = NO;
				GCC_NO_COMMON_BLOCKS = YES;
				GCC_OPTIMIZATION_LEVEL = 0;
				GCC_PREPROCESSOR_DEFINITIONS = (
					"DEBUG=1",
					"$(inherited)",
				);
				GCC_WARN_64_TO_32_BIT_CONVERSION = YES;
				GCC_WARN_ABOUT_RETURN_TYPE = YES_ERROR;
				GCC_WARN_UNDECLARED_SELECTOR = YES;
				GCC_WARN_UNINITIALIZED_AUTOS = YES_AGGRESSIVE;
				GCC_WARN_UNUSED_FUNCTION = YES;
				GCC_WARN_UNUSED_VARIABLE = YES;
				IPHONEOS_DEPLOYMENT_TARGET = 9.3;
				MTL_ENABLE_DEBUG_INFO = YES;
				ONLY_ACTIVE_ARCH = YES;
				SDKROOT = iphoneos;
				SWIFT_OPTIMIZATION_LEVEL = "-Onone";
				TARGETED_DEVICE_FAMILY = "1,2";
			};
			name = Debug;
		};
		63012DE61CCE05D7008C989F /* Release */ = {
			isa = XCBuildConfiguration;
			buildSettings = {
				ALWAYS_SEARCH_USER_PATHS = NO;
				CLANG_ANALYZER_NONNULL = YES;
				CLANG_CXX_LANGUAGE_STANDARD = "gnu++0x";
				CLANG_CXX_LIBRARY = "libc++";
				CLANG_ENABLE_MODULES = YES;
				CLANG_ENABLE_OBJC_ARC = YES;
				CLANG_WARN_BOOL_CONVERSION = YES;
				CLANG_WARN_CONSTANT_CONVERSION = YES;
				CLANG_WARN_DIRECT_OBJC_ISA_USAGE = YES_ERROR;
				CLANG_WARN_EMPTY_BODY = YES;
				CLANG_WARN_ENUM_CONVERSION = YES;
				CLANG_WARN_INT_CONVERSION = YES;
				CLANG_WARN_OBJC_ROOT_CLASS = YES_ERROR;
				CLANG_WARN_UNREACHABLE_CODE = YES;
				CLANG_WARN__DUPLICATE_METHOD_MATCH = YES;
				"CODE_SIGN_IDENTITY[sdk=iphoneos*]" = "iPhone Developer";
				COPY_PHASE_STRIP = NO;
				DEBUG_INFORMATION_FORMAT = "dwarf-with-dsym";
				ENABLE_NS_ASSERTIONS = NO;
				ENABLE_STRICT_OBJC_MSGSEND = YES;
				GCC_C_LANGUAGE_STANDARD = gnu99;
				GCC_NO_COMMON_BLOCKS = YES;
				GCC_WARN_64_TO_32_BIT_CONVERSION = YES;
				GCC_WARN_ABOUT_RETURN_TYPE = YES_ERROR;
				GCC_WARN_UNDECLARED_SELECTOR = YES;
				GCC_WARN_UNINITIALIZED_AUTOS = YES_AGGRESSIVE;
				GCC_WARN_UNUSED_FUNCTION = YES;
				GCC_WARN_UNUSED_VARIABLE = YES;
				IPHONEOS_DEPLOYMENT_TARGET = 9.3;
				MTL_ENABLE_DEBUG_INFO = NO;
				SDKROOT = iphoneos;
				TARGETED_DEVICE_FAMILY = "1,2";
				VALIDATE_PRODUCT = YES;
			};
			name = Release;
		};
		63012DE81CCE05D7008C989F /* Debug */ = {
			isa = XCBuildConfiguration;
			buildSettings = {
				ASSETCATALOG_COMPILER_APPICON_NAME = AppIcon;
				INFOPLIST_FILE = "chapter2-2/Info.plist";
				LD_RUNPATH_SEARCH_PATHS = "$(inherited) @executable_path/Frameworks";
				PRODUCT_BUNDLE_IDENTIFIER = "com.hny.chapter2-2";
				PRODUCT_NAME = "$(TARGET_NAME)";
			};
			name = Debug;
		};
		63012DE91CCE05D7008C989F /* Release */ = {
			isa = XCBuildConfiguration;
			buildSettings = {
				ASSETCATALOG_COMPILER_APPICON_NAME = AppIcon;
				INFOPLIST_FILE = "chapter2-2/Info.plist";
				LD_RUNPATH_SEARCH_PATHS = "$(inherited) @executable_path/Frameworks";
				PRODUCT_BUNDLE_IDENTIFIER = "com.hny.chapter2-2";
				PRODUCT_NAME = "$(TARGET_NAME)";
			};
			name = Release;
		};
/* End XCBuildConfiguration section */

/* Begin XCConfigurationList section */
		63012DD01CCE05D7008C989F /* Build configuration list for PBXProject "chapter2-2" */ = {
			isa = XCConfigurationList;
			buildConfigurations = (
				63012DE51CCE05D7008C989F /* Debug */,
				63012DE61CCE05D7008C989F /* Release */,
			);
			defaultConfigurationIsVisible = 0;
			defaultConfigurationName = Release;
		};
		63012DE71CCE05D7008C989F /* Build configuration list for PBXNativeTarget "chapter2-2" */ = {
			isa = XCConfigurationList;
			buildConfigurations = (
				63012DE81CCE05D7008C989F /* Debug */,
				63012DE91CCE05D7008C989F /* Release */,
			);
			defaultConfigurationIsVisible = 0;
		};
/* End XCConfigurationList section */
	};
	rootObject = 63012DCD1CCE05D7008C989F /* Project object */;
}
